
Microsoft Visual Studio Solution File, Format Version 12.00
# Visual Studio Version 16
VisualStudioVersion = 16.0.31005.135
MinimumVisualStudioVersion = 10.0.40219.1
Project("{FAE04EC0-301F-11D3-BF4B-00C04F79EFBC}") = "Kongre_Online_Mini.MVC", "Kongre_Online_Mini.MVC\Kongre_Online_Mini.MVC.csproj", "{17BF42FD-AE5E-408D-9D17-B88C0371FB39}"
EndProject
Global
	GlobalSection(SolutionConfigurationPlatforms) = preSolution
		Debug|Any CPU = Debug|Any CPU
		Release|Any CPU = Release|Any CPU
	EndGlobalSection
	GlobalSection(ProjectConfigurationPlatforms) = postSolution
		{17BF42FD-AE5E-408D-9D17-B88C0371FB39}.Debug|Any CPU.ActiveCfg = Debug|Any CPU
		{17BF42FD-AE5E-408D-9D17-B88C0371FB39}.Debug|Any CPU.Build.0 = Debug|Any CPU
		{17BF42FD-AE5E-408D-9D17-B88C0371FB39}.Release|Any CPU.ActiveCfg = Release|Any CPU
		{17BF42FD-AE5E-408D-9D17-B88C0371FB39}.Release|Any CPU.Build.0 = Release|Any CPU
	EndGlobalSection
	GlobalSection(SolutionProperties) = preSolution
		HideSolutionNode = FALSE
	EndGlobalSection
	GlobalSection(ExtensibilityGlobals) = postSolution
		SolutionGuid = {D3B67F9F-A87E-4B0F-B74B-5B0B633C9987}
	EndGlobalSection
EndGlobal
